// !$*UTF8*$!
{
	archiveVersion = 1;
	classes = {
	};
	objectVersion = 46;
	objects = {

/* Begin PBXBuildFile section */
		0B69B22F14434BCA0006687D /* main.c in Sources */ = {isa = PBXBuildFile; fileRef = 0B69B22E14434BCA0006687D /* main.c */; };
		0B69B23114434BCA0006687D /* JodenWeb.1 in CopyFiles */ = {isa = PBXBuildFile; fileRef = 0B69B23014434BCA0006687D /* JodenWeb.1 */; };
		0B69B26E14434E0F0006687D /* bson.c in Sources */ = {isa = PBXBuildFile; fileRef = 0B69B25C14434E0E0006687D /* bson.c */; };
		0B69B26F14434E0F0006687D /* encoding.c in Sources */ = {isa = PBXBuildFile; fileRef = 0B69B25E14434E0F0006687D /* encoding.c */; };
		0B69B27014434E0F0006687D /* gridfs.c in Sources */ = {isa = PBXBuildFile; fileRef = 0B69B26014434E0F0006687D /* gridfs.c */; };
		0B69B27114434E0F0006687D /* md5.c in Sources */ = {isa = PBXBuildFile; fileRef = 0B69B26214434E0F0006687D /* md5.c */; };
		0B69B27214434E0F0006687D /* mongo.c in Sources */ = {isa = PBXBuildFile; fileRef = 0B69B26414434E0F0006687D /* mongo.c */; };
		0B69B27314434E0F0006687D /* net.c in Sources */ = {isa = PBXBuildFile; fileRef = 0B69B26614434E0F0006687D /* net.c */; };
		0B69B27414434E0F0006687D /* numbers.c in Sources */ = {isa = PBXBuildFile; fileRef = 0B69B26814434E0F0006687D /* numbers.c */; };
		0B69B27514434E0F0006687D /* net.c in Sources */ = {isa = PBXBuildFile; fileRef = 0B69B26B14434E0F0006687D /* net.c */; };
		0BF1DB5F144352A400C6BE17 /* JsonTest.c in Sources */ = {isa = PBXBuildFile; fileRef = 0BF1DB5E144352A400C6BE17 /* JsonTest.c */; };
/* End PBXBuildFile section */

/* Begin PBXCopyFilesBuildPhase section */
		0B69B22814434BCA0006687D /* CopyFiles */ = {
			isa = PBXCopyFilesBuildPhase;
			buildActionMask = 2147483647;
			dstPath = /usr/share/man/man1/;
			dstSubfolderSpec = 0;
			files = (
				0B69B23114434BCA0006687D /* JodenWeb.1 in CopyFiles */,
			);
			runOnlyForDeploymentPostprocessing = 1;
		};
/* End PBXCopyFilesBuildPhase section */

/* Begin PBXFileReference section */
		0B69B22A14434BCA0006687D /* JodenWeb */ = {isa = PBXFileReference; explicitFileType = "compiled.mach-o.executable"; includeInIndex = 0; path = JodenWeb; sourceTree = BUILT_PRODUCTS_DIR; };
		0B69B22E14434BCA0006687D /* main.c */ = {isa = PBXFileReference; lastKnownFileType = sourcecode.c.c; path = main.c; sourceTree = "<group>"; };
		0B69B23014434BCA0006687D /* JodenWeb.1 */ = {isa = PBXFileReference; lastKnownFileType = text.man; path = JodenWeb.1; sourceTree = "<group>"; };
		0B69B25C14434E0E0006687D /* bson.c */ = {isa = PBXFileReference; fileEncoding = 4; lastKnownFileType = sourcecode.c.c; path = bson.c; sourceTree = "<group>"; };
		0B69B25D14434E0E0006687D /* bson.h */ = {isa = PBXFileReference; fileEncoding = 4; lastKnownFileType = sourcecode.c.h; path = bson.h; sourceTree = "<group>"; };
		0B69B25E14434E0F0006687D /* encoding.c */ = {isa = PBXFileReference; fileEncoding = 4; lastKnownFileType = sourcecode.c.c; path = encoding.c; sourceTree = "<group>"; };
		0B69B25F14434E0F0006687D /* encoding.h */ = {isa = PBXFileReference; fileEncoding = 4; lastKnownFileType = sourcecode.c.h; path = encoding.h; sourceTree = "<group>"; };
		0B69B26014434E0F0006687D /* gridfs.c */ = {isa = PBXFileReference; fileEncoding = 4; lastKnownFileType = sourcecode.c.c; path = gridfs.c; sourceTree = "<group>"; };
		0B69B26114434E0F0006687D /* gridfs.h */ = {isa = PBXFileReference; fileEncoding = 4; lastKnownFileType = sourcecode.c.h; path = gridfs.h; sourceTree = "<group>"; };
		0B69B26214434E0F0006687D /* md5.c */ = {isa = PBXFileReference; fileEncoding = 4; lastKnownFileType = sourcecode.c.c; path = md5.c; sourceTree = "<group>"; };
		0B69B26314434E0F0006687D /* md5.h */ = {isa = PBXFileReference; fileEncoding = 4; lastKnownFileType = sourcecode.c.h; path = md5.h; sourceTree = "<group>"; };
		0B69B26414434E0F0006687D /* mongo.c */ = {isa = PBXFileReference; fileEncoding = 4; lastKnownFileType = sourcecode.c.c; path = mongo.c; sourceTree = "<group>"; };
		0B69B26514434E0F0006687D /* mongo.h */ = {isa = PBXFileReference; fileEncoding = 4; lastKnownFileType = sourcecode.c.h; path = mongo.h; sourceTree = "<group>"; };
		0B69B26614434E0F0006687D /* net.c */ = {isa = PBXFileReference; fileEncoding = 4; lastKnownFileType = sourcecode.c.c; path = net.c; sourceTree = "<group>"; };
		0B69B26714434E0F0006687D /* net.h */ = {isa = PBXFileReference; fileEncoding = 4; lastKnownFileType = sourcecode.c.h; path = net.h; sourceTree = "<group>"; };
		0B69B26814434E0F0006687D /* numbers.c */ = {isa = PBXFileReference; fileEncoding = 4; lastKnownFileType = sourcecode.c.c; path = numbers.c; sourceTree = "<group>"; };
		0B69B26B14434E0F0006687D /* net.c */ = {isa = PBXFileReference; fileEncoding = 4; lastKnownFileType = sourcecode.c.c; path = net.c; sourceTree = "<group>"; };
		0B69B26C14434E0F0006687D /* net.h */ = {isa = PBXFileReference; fileEncoding = 4; lastKnownFileType = sourcecode.c.h; path = net.h; sourceTree = "<group>"; };
		0B69B26D14434E0F0006687D /* platform.h */ = {isa = PBXFileReference; fileEncoding = 4; lastKnownFileType = sourcecode.c.h; path = platform.h; sourceTree = "<group>"; };
		0BF1DB5E144352A400C6BE17 /* JsonTest.c */ = {isa = PBXFileReference; fileEncoding = 4; lastKnownFileType = sourcecode.c.c; path = JsonTest.c; sourceTree = "<group>"; };
/* End PBXFileReference section */

/* Begin PBXFrameworksBuildPhase section */
		0B69B22714434BCA0006687D /* Frameworks */ = {
			isa = PBXFrameworksBuildPhase;
			buildActionMask = 2147483647;
			files = (
			);
			runOnlyForDeploymentPostprocessing = 0;
		};
/* End PBXFrameworksBuildPhase section */

/* Begin PBXGroup section */
		0B69B21F14434BC90006687D = {
			isa = PBXGroup;
			children = (
				0B69B25C14434E0E0006687D /* bson.c */,
				0B69B25D14434E0E0006687D /* bson.h */,
				0B69B25E14434E0F0006687D /* encoding.c */,
				0B69B25F14434E0F0006687D /* encoding.h */,
				0B69B26014434E0F0006687D /* gridfs.c */,
				0B69B26114434E0F0006687D /* gridfs.h */,
				0B69B26214434E0F0006687D /* md5.c */,
				0B69B26314434E0F0006687D /* md5.h */,
				0B69B26414434E0F0006687D /* mongo.c */,
				0B69B26514434E0F0006687D /* mongo.h */,
				0B69B26614434E0F0006687D /* net.c */,
				0B69B26714434E0F0006687D /* net.h */,
				0B69B26814434E0F0006687D /* numbers.c */,
				0B69B26914434E0F0006687D /* platform */,
				0B69B26D14434E0F0006687D /* platform.h */,
				0B69B22D14434BCA0006687D /* JodenWeb */,
				0B69B22B14434BCA0006687D /* Products */,
			);
			sourceTree = "<group>";
		};
		0B69B22B14434BCA0006687D /* Products */ = {
			isa = PBXGroup;
			children = (
				0B69B22A14434BCA0006687D /* JodenWeb */,
			);
			name = Products;
			sourceTree = "<group>";
		};
		0B69B22D14434BCA0006687D /* JodenWeb */ = {
			isa = PBXGroup;
			children = (
				0B69B22E14434BCA0006687D /* main.c */,
				0B69B23014434BCA0006687D /* JodenWeb.1 */,
				0BF1DB5E144352A400C6BE17 /* JsonTest.c */,
			);
			path = JodenWeb;
			sourceTree = "<group>";
		};
		0B69B26914434E0F0006687D /* platform */ = {
			isa = PBXGroup;
			children = (
				0B69B26A14434E0F0006687D /* linux */,
			);
			path = platform;
			sourceTree = "<group>";
		};
		0B69B26A14434E0F0006687D /* linux */ = {
			isa = PBXGroup;
			children = (
				0B69B26B14434E0F0006687D /* net.c */,
				0B69B26C14434E0F0006687D /* net.h */,
			);
			path = linux;
			sourceTree = "<group>";
		};
/* End PBXGroup section */

/* Begin PBXNativeTarget section */
		0B69B22914434BCA0006687D /* JodenWeb */ = {
			isa = PBXNativeTarget;
			buildConfigurationList = 0B69B23414434BCA0006687D /* Build configuration list for PBXNativeTarget "JodenWeb" */;
			buildPhases = (
				0B69B22614434BCA0006687D /* Sources */,
				0B69B22714434BCA0006687D /* Frameworks */,
				0B69B22814434BCA0006687D /* CopyFiles */,
			);
			buildRules = (
			);
			dependencies = (
			);
			name = JodenWeb;
			productName = JodenWeb;
			productReference = 0B69B22A14434BCA0006687D /* JodenWeb */;
			productType = "com.apple.product-type.tool";
		};
/* End PBXNativeTarget section */

/* Begin PBXProject section */
		0B69B22114434BC90006687D /* Project object */ = {
			isa = PBXProject;
			buildConfigurationList = 0B69B22414434BC90006687D /* Build configuration list for PBXProject "JodenWeb" */;
			compatibilityVersion = "Xcode 3.2";
			developmentRegion = English;
			hasScannedForEncodings = 0;
			knownRegions = (
				en,
			);
			mainGroup = 0B69B21F14434BC90006687D;
			productRefGroup = 0B69B22B14434BCA0006687D /* Products */;
			projectDirPath = "";
			projectRoot = "";
			targets = (
				0B69B22914434BCA0006687D /* JodenWeb */,
			);
		};
/* End PBXProject section */

/* Begin PBXSourcesBuildPhase section */
		0B69B22614434BCA0006687D /* Sources */ = {
			isa = PBXSourcesBuildPhase;
			buildActionMask = 2147483647;
			files = (
				0B69B22F14434BCA0006687D /* main.c in Sources */,
				0B69B26E14434E0F0006687D /* bson.c in Sources */,
				0B69B26F14434E0F0006687D /* encoding.c in Sources */,
				0B69B27014434E0F0006687D /* gridfs.c in Sources */,
				0B69B27114434E0F0006687D /* md5.c in Sources */,
				0B69B27214434E0F0006687D /* mongo.c in Sources */,
				0B69B27314434E0F0006687D /* net.c in Sources */,
				0B69B27414434E0F0006687D /* numbers.c in Sources */,
				0B69B27514434E0F0006687D /* net.c in Sources */,
				0BF1DB5F144352A400C6BE17 /* JsonTest.c in Sources */,
			);
			runOnlyForDeploymentPostprocessing = 0;
		};
/* End PBXSourcesBuildPhase section */

/* Begin XCBuildConfiguration section */
		0B69B23214434BCA0006687D /* Debug */ = {
			isa = XCBuildConfiguration;
			buildSettings = {
				ALWAYS_SEARCH_USER_PATHS = NO;
				ARCHS = "$(ARCHS_STANDARD_64_BIT)";
				COPY_PHASE_STRIP = NO;
				GCC_C_LANGUAGE_STANDARD = gnu99;
				GCC_DYNAMIC_NO_PIC = NO;
				GCC_ENABLE_OBJC_EXCEPTIONS = YES;
				GCC_OPTIMIZATION_LEVEL = 0;
				GCC_PREPROCESSOR_DEFINITIONS = (
					"DEBUG=1",
					"$(inherited)",
				);
				GCC_SYMBOLS_PRIVATE_EXTERN = NO;
				GCC_VERSION = com.apple.compilers.llvm.clang.1_0;
				GCC_WARN_64_TO_32_BIT_CONVERSION = YES;
				GCC_WARN_ABOUT_MISSING_PROTOTYPES = YES;
				GCC_WARN_ABOUT_RETURN_TYPE = YES;
				GCC_WARN_UNUSED_VARIABLE = YES;
				MACOSX_DEPLOYMENT_TARGET = 10.7;
				ONLY_ACTIVE_ARCH = YES;
				SDKROOT = macosx;
			};
			name = Debug;
		};
		0B69B23314434BCA0006687D /* Release */ = {
			isa = XCBuildConfiguration;
			buildSettings = {
				ALWAYS_SEARCH_USER_PATHS = NO;
				ARCHS = "$(ARCHS_STANDARD_64_BIT)";
				COPY_PHASE_STRIP = YES;
				DEBUG_INFORMATION_FORMAT = "dwarf-with-dsym";
				GCC_C_LANGUAGE_STANDARD = gnu99;
				GCC_ENABLE_OBJC_EXCEPTIONS = YES;
				GCC_VERSION = com.apple.compilers.llvm.clang.1_0;
				GCC_WARN_64_TO_32_BIT_CONVERSION = YES;
				GCC_WARN_ABOUT_MISSING_PROTOTYPES = YES;
				GCC_WARN_ABOUT_RETURN_TYPE = YES;
				GCC_WARN_UNUSED_VARIABLE = YES;
				MACOSX_DEPLOYMENT_TARGET = 10.7;
				SDKROOT = macosx;
			};
			name = Release;
		};
		0B69B23514434BCA0006687D /* Debug */ = {
			isa = XCBuildConfiguration;
			buildSettings = {
				PRODUCT_NAME = "$(TARGET_NAME)";
			};
			name = Debug;
		};
		0B69B23614434BCA0006687D /* Release */ = {
			isa = XCBuildConfiguration;
			buildSettings = {
				PRODUCT_NAME = "$(TARGET_NAME)";
			};
			name = Release;
		};
/* End XCBuildConfiguration section */

/* Begin XCConfigurationList section */
		0B69B22414434BC90006687D /* Build configuration list for PBXProject "JodenWeb" */ = {
			isa = XCConfigurationList;
			buildConfigurations = (
				0B69B23214434BCA0006687D /* Debug */,
				0B69B23314434BCA0006687D /* Release */,
			);
			defaultConfigurationIsVisible = 0;
			defaultConfigurationName = Release;
		};
		0B69B23414434BCA0006687D /* Build configuration list for PBXNativeTarget "JodenWeb" */ = {
			isa = XCConfigurationList;
			buildConfigurations = (
				0B69B23514434BCA0006687D /* Debug */,
				0B69B23614434BCA0006687D /* Release */,
			);
			defaultConfigurationIsVisible = 0;
			defaultConfigurationName = Release;
		};
/* End XCConfigurationList section */
	};
	rootObject = 0B69B22114434BC90006687D /* Project object */;
}
